// !$*UTF8*$!
{
	archiveVersion = 1;
	classes = {
	};
	objectVersion = 51;
	objects = {

/* Begin PBXBuildFile section */
		0972C9D70DD6123F786800D6 /* Pods_NASA_Client.framework in Frameworks */ = {isa = PBXBuildFile; fileRef = BFF6F8497DC4916D76696566 /* Pods_NASA_Client.framework */; };
		D01C332C25DD8E800091A70D /* AppDelegate.swift in Sources */ = {isa = PBXBuildFile; fileRef = D01C332B25DD8E800091A70D /* AppDelegate.swift */; };
		D01C332E25DD8E800091A70D /* SceneDelegate.swift in Sources */ = {isa = PBXBuildFile; fileRef = D01C332D25DD8E800091A70D /* SceneDelegate.swift */; };
		D01C333025DD8E800091A70D /* MainViewController.swift in Sources */ = {isa = PBXBuildFile; fileRef = D01C332F25DD8E800091A70D /* MainViewController.swift */; };
		D01C333325DD8E800091A70D /* Main.storyboard in Resources */ = {isa = PBXBuildFile; fileRef = D01C333125DD8E800091A70D /* Main.storyboard */; };
		D01C333525DD8E820091A70D /* Assets.xcassets in Resources */ = {isa = PBXBuildFile; fileRef = D01C333425DD8E820091A70D /* Assets.xcassets */; };
		D01C333825DD8E820091A70D /* LaunchScreen.storyboard in Resources */ = {isa = PBXBuildFile; fileRef = D01C333625DD8E820091A70D /* LaunchScreen.storyboard */; };
		D020278225DFEF8F00481ABE /* MainTableViewCell.swift in Sources */ = {isa = PBXBuildFile; fileRef = D020278025DFEF8F00481ABE /* MainTableViewCell.swift */; };
		D020278325DFEF8F00481ABE /* MainTableViewCell.xib in Resources */ = {isa = PBXBuildFile; fileRef = D020278125DFEF8F00481ABE /* MainTableViewCell.xib */; };
		D050CB1E25DEDA80009BA82A /* Target.swift in Sources */ = {isa = PBXBuildFile; fileRef = D050CB1D25DEDA80009BA82A /* Target.swift */; };
		D050CB2125DEE7DD009BA82A /* Provider.swift in Sources */ = {isa = PBXBuildFile; fileRef = D050CB2025DEE7DD009BA82A /* Provider.swift */; };
		D050CB2925DEF476009BA82A /* RoversEnum.swift in Sources */ = {isa = PBXBuildFile; fileRef = D050CB2825DEF476009BA82A /* RoversEnum.swift */; };
		D050CB3425DEF48A009BA82A /* CamerasEnum.swift in Sources */ = {isa = PBXBuildFile; fileRef = D050CB3325DEF48A009BA82A /* CamerasEnum.swift */; };
		D050CB3725DEFA75009BA82A /* HistoryViewController.swift in Sources */ = {isa = PBXBuildFile; fileRef = D050CB3625DEFA75009BA82A /* HistoryViewController.swift */; };
		D050CB3A25DEFACF009BA82A /* ImageViewController.swift in Sources */ = {isa = PBXBuildFile; fileRef = D050CB3925DEFACF009BA82A /* ImageViewController.swift */; };
		D0F42DFD25DEB7AE0099F4C5 /* RequestModel.swift in Sources */ = {isa = PBXBuildFile; fileRef = D0F42DFC25DEB7AE0099F4C5 /* RequestModel.swift */; };
		D0F42E0025DEB7C40099F4C5 /* RealmModel.swift in Sources */ = {isa = PBXBuildFile; fileRef = D0F42DFF25DEB7C40099F4C5 /* RealmModel.swift */; };
/* End PBXBuildFile section */

/* Begin PBXFileReference section */
		41F287EC134B83FC764D3CFC /* Pods-NASA Client.debug.xcconfig */ = {isa = PBXFileReference; includeInIndex = 1; lastKnownFileType = text.xcconfig; name = "Pods-NASA Client.debug.xcconfig"; path = "Target Support Files/Pods-NASA Client/Pods-NASA Client.debug.xcconfig"; sourceTree = "<group>"; };
		68BABD20F7C0DC822F622DD0 /* Pods-NASA Client.release.xcconfig */ = {isa = PBXFileReference; includeInIndex = 1; lastKnownFileType = text.xcconfig; name = "Pods-NASA Client.release.xcconfig"; path = "Target Support Files/Pods-NASA Client/Pods-NASA Client.release.xcconfig"; sourceTree = "<group>"; };
		BFF6F8497DC4916D76696566 /* Pods_NASA_Client.framework */ = {isa = PBXFileReference; explicitFileType = wrapper.framework; includeInIndex = 0; path = Pods_NASA_Client.framework; sourceTree = BUILT_PRODUCTS_DIR; };
		D01C332825DD8E800091A70D /* NASA Client.app */ = {isa = PBXFileReference; explicitFileType = wrapper.application; includeInIndex = 0; path = "NASA Client.app"; sourceTree = BUILT_PRODUCTS_DIR; };
		D01C332B25DD8E800091A70D /* AppDelegate.swift */ = {isa = PBXFileReference; lastKnownFileType = sourcecode.swift; path = AppDelegate.swift; sourceTree = "<group>"; };
		D01C332D25DD8E800091A70D /* SceneDelegate.swift */ = {isa = PBXFileReference; lastKnownFileType = sourcecode.swift; path = SceneDelegate.swift; sourceTree = "<group>"; };
		D01C332F25DD8E800091A70D /* MainViewController.swift */ = {isa = PBXFileReference; lastKnownFileType = sourcecode.swift; path = MainViewController.swift; sourceTree = "<group>"; };
		D01C333225DD8E800091A70D /* Base */ = {isa = PBXFileReference; lastKnownFileType = file.storyboard; name = Base; path = Base.lproj/Main.storyboard; sourceTree = "<group>"; };
		D01C333425DD8E820091A70D /* Assets.xcassets */ = {isa = PBXFileReference; lastKnownFileType = folder.assetcatalog; path = Assets.xcassets; sourceTree = "<group>"; };
		D01C333725DD8E820091A70D /* Base */ = {isa = PBXFileReference; lastKnownFileType = file.storyboard; name = Base; path = Base.lproj/LaunchScreen.storyboard; sourceTree = "<group>"; };
		D01C333925DD8E820091A70D /* Info.plist */ = {isa = PBXFileReference; lastKnownFileType = text.plist.xml; path = Info.plist; sourceTree = "<group>"; };
		D020278025DFEF8F00481ABE /* MainTableViewCell.swift */ = {isa = PBXFileReference; lastKnownFileType = sourcecode.swift; path = MainTableViewCell.swift; sourceTree = "<group>"; };
		D020278125DFEF8F00481ABE /* MainTableViewCell.xib */ = {isa = PBXFileReference; lastKnownFileType = file.xib; path = MainTableViewCell.xib; sourceTree = "<group>"; };
		D050CB1D25DEDA80009BA82A /* Target.swift */ = {isa = PBXFileReference; lastKnownFileType = sourcecode.swift; path = Target.swift; sourceTree = "<group>"; };
		D050CB2025DEE7DD009BA82A /* Provider.swift */ = {isa = PBXFileReference; lastKnownFileType = sourcecode.swift; path = Provider.swift; sourceTree = "<group>"; };
		D050CB2825DEF476009BA82A /* RoversEnum.swift */ = {isa = PBXFileReference; lastKnownFileType = sourcecode.swift; path = RoversEnum.swift; sourceTree = "<group>"; };
		D050CB3325DEF48A009BA82A /* CamerasEnum.swift */ = {isa = PBXFileReference; lastKnownFileType = sourcecode.swift; path = CamerasEnum.swift; sourceTree = "<group>"; };
		D050CB3625DEFA75009BA82A /* HistoryViewController.swift */ = {isa = PBXFileReference; lastKnownFileType = sourcecode.swift; path = HistoryViewController.swift; sourceTree = "<group>"; };
		D050CB3925DEFACF009BA82A /* ImageViewController.swift */ = {isa = PBXFileReference; lastKnownFileType = sourcecode.swift; path = ImageViewController.swift; sourceTree = "<group>"; };
		D0F42DFC25DEB7AE0099F4C5 /* RequestModel.swift */ = {isa = PBXFileReference; lastKnownFileType = sourcecode.swift; path = RequestModel.swift; sourceTree = "<group>"; };
		D0F42DFF25DEB7C40099F4C5 /* RealmModel.swift */ = {isa = PBXFileReference; lastKnownFileType = sourcecode.swift; path = RealmModel.swift; sourceTree = "<group>"; };
/* End PBXFileReference section */

/* Begin PBXFrameworksBuildPhase section */
		D01C332525DD8E800091A70D /* Frameworks */ = {
			isa = PBXFrameworksBuildPhase;
			buildActionMask = 2147483647;
			files = (
				0972C9D70DD6123F786800D6 /* Pods_NASA_Client.framework in Frameworks */,
			);
			runOnlyForDeploymentPostprocessing = 0;
		};
/* End PBXFrameworksBuildPhase section */

/* Begin PBXGroup section */
		151D64CCE43037342053B136 /* Pods */ = {
			isa = PBXGroup;
			children = (
				41F287EC134B83FC764D3CFC /* Pods-NASA Client.debug.xcconfig */,
				68BABD20F7C0DC822F622DD0 /* Pods-NASA Client.release.xcconfig */,
			);
			path = Pods;
			sourceTree = "<group>";
		};
		790C1AC18C57BC3DE6AAC520 /* Frameworks */ = {
			isa = PBXGroup;
			children = (
				BFF6F8497DC4916D76696566 /* Pods_NASA_Client.framework */,
			);
			name = Frameworks;
			sourceTree = "<group>";
		};
		D01C331F25DD8E800091A70D = {
			isa = PBXGroup;
			children = (
				D01C332A25DD8E800091A70D /* NASA Client */,
				D01C332925DD8E800091A70D /* Products */,
				151D64CCE43037342053B136 /* Pods */,
				790C1AC18C57BC3DE6AAC520 /* Frameworks */,
			);
			sourceTree = "<group>";
		};
		D01C332925DD8E800091A70D /* Products */ = {
			isa = PBXGroup;
			children = (
				D01C332825DD8E800091A70D /* NASA Client.app */,
			);
			name = Products;
			sourceTree = "<group>";
		};
		D01C332A25DD8E800091A70D /* NASA Client */ = {
			isa = PBXGroup;
			children = (
				D01C333625DD8E820091A70D /* LaunchScreen.storyboard */,
				D01C333925DD8E820091A70D /* Info.plist */,
				D01C333425DD8E820091A70D /* Assets.xcassets */,
				D0F42DF825DEB68B0099F4C5 /* Support Files */,
				D050CB2325DEEC6E009BA82A /* Storyboards */,
				D050CB2525DEF26C009BA82A /* ViewControllers */,
				D050CB2425DEF1DC009BA82A /* Enums */,
				D0F42DFB25DEB7290099F4C5 /* Network Layer */,
				D050CB2725DEF3E2009BA82A /* TableViewCells */,
			);
			path = "NASA Client";
			sourceTree = "<group>";
		};
		D050CB2325DEEC6E009BA82A /* Storyboards */ = {
			isa = PBXGroup;
			children = (
				D01C333125DD8E800091A70D /* Main.storyboard */,
			);
			path = Storyboards;
			sourceTree = "<group>";
		};
		D050CB2425DEF1DC009BA82A /* Enums */ = {
			isa = PBXGroup;
			children = (
				D050CB2825DEF476009BA82A /* RoversEnum.swift */,
				D050CB3325DEF48A009BA82A /* CamerasEnum.swift */,
			);
			path = Enums;
			sourceTree = "<group>";
		};
		D050CB2525DEF26C009BA82A /* ViewControllers */ = {
			isa = PBXGroup;
			children = (
				D01C332F25DD8E800091A70D /* MainViewController.swift */,
				D050CB3625DEFA75009BA82A /* HistoryViewController.swift */,
				D050CB3925DEFACF009BA82A /* ImageViewController.swift */,
			);
			path = ViewControllers;
			sourceTree = "<group>";
		};
		D050CB2725DEF3E2009BA82A /* TableViewCells */ = {
			isa = PBXGroup;
			children = (
				D020278025DFEF8F00481ABE /* MainTableViewCell.swift */,
				D020278125DFEF8F00481ABE /* MainTableViewCell.xib */,
			);
			path = TableViewCells;
			sourceTree = "<group>";
		};
		D0F42DF825DEB68B0099F4C5 /* Support Files */ = {
			isa = PBXGroup;
			children = (
				D01C332D25DD8E800091A70D /* SceneDelegate.swift */,
				D01C332B25DD8E800091A70D /* AppDelegate.swift */,
			);
			path = "Support Files";
			sourceTree = "<group>";
		};
		D0F42DFB25DEB7290099F4C5 /* Network Layer */ = {
			isa = PBXGroup;
			children = (
				D0F42DFC25DEB7AE0099F4C5 /* RequestModel.swift */,
				D0F42DFF25DEB7C40099F4C5 /* RealmModel.swift */,
				D050CB1D25DEDA80009BA82A /* Target.swift */,
				D050CB2025DEE7DD009BA82A /* Provider.swift */,
			);
			path = "Network Layer";
			sourceTree = "<group>";
		};
/* End PBXGroup section */

/* Begin PBXNativeTarget section */
		D01C332725DD8E800091A70D /* NASA Client */ = {
			isa = PBXNativeTarget;
			buildConfigurationList = D01C333C25DD8E820091A70D /* Build configuration list for PBXNativeTarget "NASA Client" */;
			buildPhases = (
				F921632177D4489D3A31B65D /* [CP] Check Pods Manifest.lock */,
				D01C332425DD8E800091A70D /* Sources */,
				D01C332525DD8E800091A70D /* Frameworks */,
				D01C332625DD8E800091A70D /* Resources */,
				AD7125D9174CB714BFE35C44 /* [CP] Embed Pods Frameworks */,
			);
			buildRules = (
			);
			dependencies = (
			);
			name = "NASA Client";
			productName = "NASA Client";
			productReference = D01C332825DD8E800091A70D /* NASA Client.app */;
			productType = "com.apple.product-type.application";
		};
/* End PBXNativeTarget section */

/* Begin PBXProject section */
		D01C332025DD8E800091A70D /* Project object */ = {
			isa = PBXProject;
			attributes = {
				LastSwiftUpdateCheck = 1240;
				LastUpgradeCheck = 1240;
				TargetAttributes = {
					D01C332725DD8E800091A70D = {
						CreatedOnToolsVersion = 12.4;
					};
				};
			};
			buildConfigurationList = D01C332325DD8E800091A70D /* Build configuration list for PBXProject "NASA Client" */;
			compatibilityVersion = "Xcode 9.3";
			developmentRegion = en;
			hasScannedForEncodings = 0;
			knownRegions = (
				en,
				Base,
			);
			mainGroup = D01C331F25DD8E800091A70D;
			productRefGroup = D01C332925DD8E800091A70D /* Products */;
			projectDirPath = "";
			projectRoot = "";
			targets = (
				D01C332725DD8E800091A70D /* NASA Client */,
			);
		};
/* End PBXProject section */

/* Begin PBXResourcesBuildPhase section */
		D01C332625DD8E800091A70D /* Resources */ = {
			isa = PBXResourcesBuildPhase;
			buildActionMask = 2147483647;
			files = (
				D01C333825DD8E820091A70D /* LaunchScreen.storyboard in Resources */,
				D01C333525DD8E820091A70D /* Assets.xcassets in Resources */,
				D020278325DFEF8F00481ABE /* MainTableViewCell.xib in Resources */,
				D01C333325DD8E800091A70D /* Main.storyboard in Resources */,
			);
			runOnlyForDeploymentPostprocessing = 0;
		};
/* End PBXResourcesBuildPhase section */

/* Begin PBXShellScriptBuildPhase section */
		AD7125D9174CB714BFE35C44 /* [CP] Embed Pods Frameworks */ = {
			isa = PBXShellScriptBuildPhase;
			buildActionMask = 2147483647;
			files = (
			);
			inputFileListPaths = (
				"${PODS_ROOT}/Target Support Files/Pods-NASA Client/Pods-NASA Client-frameworks-${CONFIGURATION}-input-files.xcfilelist",
			);
			name = "[CP] Embed Pods Frameworks";
			outputFileListPaths = (
				"${PODS_ROOT}/Target Support Files/Pods-NASA Client/Pods-NASA Client-frameworks-${CONFIGURATION}-output-files.xcfilelist",
			);
			runOnlyForDeploymentPostprocessing = 0;
			shellPath = /bin/sh;
			shellScript = "\"${PODS_ROOT}/Target Support Files/Pods-NASA Client/Pods-NASA Client-frameworks.sh\"\n";
			showEnvVarsInLog = 0;
		};
		F921632177D4489D3A31B65D /* [CP] Check Pods Manifest.lock */ = {
			isa = PBXShellScriptBuildPhase;
			buildActionMask = 2147483647;
			files = (
			);
			inputFileListPaths = (
			);
			inputPaths = (
				"${PODS_PODFILE_DIR_PATH}/Podfile.lock",
				"${PODS_ROOT}/Manifest.lock",
			);
			name = "[CP] Check Pods Manifest.lock";
			outputFileListPaths = (
			);
			outputPaths = (
				"$(DERIVED_FILE_DIR)/Pods-NASA Client-checkManifestLockResult.txt",
			);
			runOnlyForDeploymentPostprocessing = 0;
			shellPath = /bin/sh;
			shellScript = "diff \"${PODS_PODFILE_DIR_PATH}/Podfile.lock\" \"${PODS_ROOT}/Manifest.lock\" > /dev/null\nif [ $? != 0 ] ; then\n    # print error to STDERR\n    echo \"error: The sandbox is not in sync with the Podfile.lock. Run 'pod install' or update your CocoaPods installation.\" >&2\n    exit 1\nfi\n# This output is used by Xcode 'outputs' to avoid re-running this script phase.\necho \"SUCCESS\" > \"${SCRIPT_OUTPUT_FILE_0}\"\n";
			showEnvVarsInLog = 0;
		};
/* End PBXShellScriptBuildPhase section */

/* Begin PBXSourcesBuildPhase section */
		D01C332425DD8E800091A70D /* Sources */ = {
			isa = PBXSourcesBuildPhase;
			buildActionMask = 2147483647;
			files = (
				D050CB1E25DEDA80009BA82A /* Target.swift in Sources */,
				D050CB2925DEF476009BA82A /* RoversEnum.swift in Sources */,
				D01C333025DD8E800091A70D /* MainViewController.swift in Sources */,
				D050CB3725DEFA75009BA82A /* HistoryViewController.swift in Sources */,
				D050CB2125DEE7DD009BA82A /* Provider.swift in Sources */,
				D01C332C25DD8E800091A70D /* AppDelegate.swift in Sources */,
				D01C332E25DD8E800091A70D /* SceneDelegate.swift in Sources */,
				D0F42E0025DEB7C40099F4C5 /* RealmModel.swift in Sources */,
				D0F42DFD25DEB7AE0099F4C5 /* RequestModel.swift in Sources */,
				D050CB3A25DEFACF009BA82A /* ImageViewController.swift in Sources */,
				D020278225DFEF8F00481ABE /* MainTableViewCell.swift in Sources */,
				D050CB3425DEF48A009BA82A /* CamerasEnum.swift in Sources */,
			);
			runOnlyForDeploymentPostprocessing = 0;
		};
/* End PBXSourcesBuildPhase section */

/* Begin PBXVariantGroup section */
		D01C333125DD8E800091A70D /* Main.storyboard */ = {
			isa = PBXVariantGroup;
			children = (
				D01C333225DD8E800091A70D /* Base */,
			);
			name = Main.storyboard;
			sourceTree = "<group>";
		};
		D01C333625DD8E820091A70D /* LaunchScreen.storyboard */ = {
			isa = PBXVariantGroup;
			children = (
				D01C333725DD8E820091A70D /* Base */,
			);
			name = LaunchScreen.storyboard;
			sourceTree = "<group>";
		};
/* End PBXVariantGroup section */

/* Begin XCBuildConfiguration section */
		D01C333A25DD8E820091A70D /* Debug */ = {
			isa = XCBuildConfiguration;
			buildSettings = {
				ALWAYS_SEARCH_USER_PATHS = NO;
				CLANG_ANALYZER_NONNULL = YES;
				CLANG_ANALYZER_NUMBER_OBJECT_CONVERSION = YES_AGGRESSIVE;
				CLANG_CXX_LANGUAGE_STANDARD = "gnu++14";
				CLANG_CXX_LIBRARY = "libc++";
				CLANG_ENABLE_MODULES = YES;
				CLANG_ENABLE_OBJC_ARC = YES;
				CLANG_ENABLE_OBJC_WEAK = YES;
				CLANG_WARN_BLOCK_CAPTURE_AUTORELEASING = YES;
				CLANG_WARN_BOOL_CONVERSION = YES;
				CLANG_WARN_COMMA = YES;
				CLANG_WARN_CONSTANT_CONVERSION = YES;
				CLANG_WARN_DEPRECATED_OBJC_IMPLEMENTATIONS = YES;
				CLANG_WARN_DIRECT_OBJC_ISA_USAGE = YES_ERROR;
				CLANG_WARN_DOCUMENTATION_COMMENTS = YES;
				CLANG_WARN_EMPTY_BODY = YES;
				CLANG_WARN_ENUM_CONVERSION = YES;
				CLANG_WARN_INFINITE_RECURSION = YES;
				CLANG_WARN_INT_CONVERSION = YES;
				CLANG_WARN_NON_LITERAL_NULL_CONVERSION = YES;
				CLANG_WARN_OBJC_IMPLICIT_RETAIN_SELF = YES;
				CLANG_WARN_OBJC_LITERAL_CONVERSION = YES;
				CLANG_WARN_OBJC_ROOT_CLASS = YES_ERROR;
				CLANG_WARN_QUOTED_INCLUDE_IN_FRAMEWORK_HEADER = YES;
				CLANG_WARN_RANGE_LOOP_ANALYSIS = YES;
				CLANG_WARN_STRICT_PROTOTYPES = YES;
				CLANG_WARN_SUSPICIOUS_MOVE = YES;
				CLANG_WARN_UNGUARDED_AVAILABILITY = YES_AGGRESSIVE;
				CLANG_WARN_UNREACHABLE_CODE = YES;
				CLANG_WARN__DUPLICATE_METHOD_MATCH = YES;
				COPY_PHASE_STRIP = NO;
				DEBUG_INFORMATION_FORMAT = dwarf;
				ENABLE_STRICT_OBJC_MSGSEND = YES;
				ENABLE_TESTABILITY = YES;
				GCC_C_LANGUAGE_STANDARD = gnu11;
				GCC_DYNAMIC_NO_PIC = NO;
				GCC_NO_COMMON_BLOCKS = YES;
				GCC_OPTIMIZATION_LEVEL = 0;
				GCC_PREPROCESSOR_DEFINITIONS = (
					"DEBUG=1",
					"$(inherited)",
				);
				GCC_WARN_64_TO_32_BIT_CONVERSION = YES;
				GCC_WARN_ABOUT_RETURN_TYPE = YES_ERROR;
				GCC_WARN_UNDECLARED_SELECTOR = YES;
				GCC_WARN_UNINITIALIZED_AUTOS = YES_AGGRESSIVE;
				GCC_WARN_UNUSED_FUNCTION = YES;
				GCC_WARN_UNUSED_VARIABLE = YES;
				IPHONEOS_DEPLOYMENT_TARGET = 14.4;
				MTL_ENABLE_DEBUG_INFO = INCLUDE_SOURCE;
				MTL_FAST_MATH = YES;
				ONLY_ACTIVE_ARCH = YES;
				SDKROOT = iphoneos;
				SWIFT_ACTIVE_COMPILATION_CONDITIONS = DEBUG;
				SWIFT_OPTIMIZATION_LEVEL = "-Onone";
			};
			name = Debug;
		};
		D01C333B25DD8E820091A70D /* Release */ = {
			isa = XCBuildConfiguration;
			buildSettings = {
				ALWAYS_SEARCH_USER_PATHS = NO;
				CLANG_ANALYZER_NONNULL = YES;
				CLANG_ANALYZER_NUMBER_OBJECT_CONVERSION = YES_AGGRESSIVE;
				CLANG_CXX_LANGUAGE_STANDARD = "gnu++14";
				CLANG_CXX_LIBRARY = "libc++";
				CLANG_ENABLE_MODULES = YES;
				CLANG_ENABLE_OBJC_ARC = YES;
				CLANG_ENABLE_OBJC_WEAK = YES;
				CLANG_WARN_BLOCK_CAPTURE_AUTORELEASING = YES;
				CLANG_WARN_BOOL_CONVERSION = YES;
				CLANG_WARN_COMMA = YES;
				CLANG_WARN_CONSTANT_CONVERSION = YES;
				CLANG_WARN_DEPRECATED_OBJC_IMPLEMENTATIONS = YES;
				CLANG_WARN_DIRECT_OBJC_ISA_USAGE = YES_ERROR;
				CLANG_WARN_DOCUMENTATION_COMMENTS = YES;
				CLANG_WARN_EMPTY_BODY = YES;
				CLANG_WARN_ENUM_CONVERSION = YES;
				CLANG_WARN_INFINITE_RECURSION = YES;
				CLANG_WARN_INT_CONVERSION = YES;
				CLANG_WARN_NON_LITERAL_NULL_CONVERSION = YES;
				CLANG_WARN_OBJC_IMPLICIT_RETAIN_SELF = YES;
				CLANG_WARN_OBJC_LITERAL_CONVERSION = YES;
				CLANG_WARN_OBJC_ROOT_CLASS = YES_ERROR;
				CLANG_WARN_QUOTED_INCLUDE_IN_FRAMEWORK_HEADER = YES;
				CLANG_WARN_RANGE_LOOP_ANALYSIS = YES;
				CLANG_WARN_STRICT_PROTOTYPES = YES;
				CLANG_WARN_SUSPICIOUS_MOVE = YES;
				CLANG_WARN_UNGUARDED_AVAILABILITY = YES_AGGRESSIVE;
				CLANG_WARN_UNREACHABLE_CODE = YES;
				CLANG_WARN__DUPLICATE_METHOD_MATCH = YES;
				COPY_PHASE_STRIP = NO;
				DEBUG_INFORMATION_FORMAT = "dwarf-with-dsym";
				ENABLE_NS_ASSERTIONS = NO;
				ENABLE_STRICT_OBJC_MSGSEND = YES;
				GCC_C_LANGUAGE_STANDARD = gnu11;
				GCC_NO_COMMON_BLOCKS = YES;
				GCC_WARN_64_TO_32_BIT_CONVERSION = YES;
				GCC_WARN_ABOUT_RETURN_TYPE = YES_ERROR;
				GCC_WARN_UNDECLARED_SELECTOR = YES;
				GCC_WARN_UNINITIALIZED_AUTOS = YES_AGGRESSIVE;
				GCC_WARN_UNUSED_FUNCTION = YES;
				GCC_WARN_UNUSED_VARIABLE = YES;
				IPHONEOS_DEPLOYMENT_TARGET = 14.4;
				MTL_ENABLE_DEBUG_INFO = NO;
				MTL_FAST_MATH = YES;
				SDKROOT = iphoneos;
				SWIFT_COMPILATION_MODE = wholemodule;
				SWIFT_OPTIMIZATION_LEVEL = "-O";
				VALIDATE_PRODUCT = YES;
			};
			name = Release;
		};
		D01C333D25DD8E820091A70D /* Debug */ = {
			isa = XCBuildConfiguration;
			baseConfigurationReference = 41F287EC134B83FC764D3CFC /* Pods-NASA Client.debug.xcconfig */;
			buildSettings = {
				ASSETCATALOG_COMPILER_APPICON_NAME = AppIcon;
				ASSETCATALOG_COMPILER_GLOBAL_ACCENT_COLOR_NAME = AccentColor;
				CODE_SIGN_STYLE = Automatic;
				DEVELOPMENT_TEAM = JRSAMZW6G9;
				INFOPLIST_FILE = "NASA Client/Info.plist";
				LD_RUNPATH_SEARCH_PATHS = (
					"$(inherited)",
					"@executable_path/Frameworks",
				);
				PRODUCT_BUNDLE_IDENTIFIER = "PavelBeskorovainyi.NASA-Client";
				PRODUCT_NAME = "$(TARGET_NAME)";
				SWIFT_VERSION = 5.0;
				TARGETED_DEVICE_FAMILY = "1,2";
			};
			name = Debug;
		};
		D01C333E25DD8E820091A70D /* Release */ = {
			isa = XCBuildConfiguration;
			baseConfigurationReference = 68BABD20F7C0DC822F622DD0 /* Pods-NASA Client.release.xcconfig */;
			buildSettings = {
				ASSETCATALOG_COMPILER_APPICON_NAME = AppIcon;
				ASSETCATALOG_COMPILER_GLOBAL_ACCENT_COLOR_NAME = AccentColor;
				CODE_SIGN_STYLE = Automatic;
				DEVELOPMENT_TEAM = JRSAMZW6G9;
				INFOPLIST_FILE = "NASA Client/Info.plist";
				LD_RUNPATH_SEARCH_PATHS = (
					"$(inherited)",
					"@executable_path/Frameworks",
				);
				PRODUCT_BUNDLE_IDENTIFIER = "PavelBeskorovainyi.NASA-Client";
				PRODUCT_NAME = "$(TARGET_NAME)";
				SWIFT_VERSION = 5.0;
				TARGETED_DEVICE_FAMILY = "1,2";
			};
			name = Release;
		};
/* End XCBuildConfiguration section */

/* Begin XCConfigurationList section */
		D01C332325DD8E800091A70D /* Build configuration list for PBXProject "NASA Client" */ = {
			isa = XCConfigurationList;
			buildConfigurations = (
				D01C333A25DD8E820091A70D /* Debug */,
				D01C333B25DD8E820091A70D /* Release */,
			);
			defaultConfigurationIsVisible = 0;
			defaultConfigurationName = Release;
		};
		D01C333C25DD8E820091A70D /* Build configuration list for PBXNativeTarget "NASA Client" */ = {
			isa = XCConfigurationList;
			buildConfigurations = (
				D01C333D25DD8E820091A70D /* Debug */,
				D01C333E25DD8E820091A70D /* Release */,
			);
			defaultConfigurationIsVisible = 0;
			defaultConfigurationName = Release;
		};
/* End XCConfigurationList section */
	};
	rootObject = D01C332025DD8E800091A70D /* Project object */;
}
